
Microsoft Visual Studio Solution File, Format Version 12.00
# Visual Studio 15
VisualStudioVersion = 15.0.26430.16
MinimumVisualStudioVersion = 10.0.40219.1
Project("{FAE04EC0-301F-11D3-BF4B-00C04F79EFBC}") = "Products4.Android", "Products4\Products4.Android\Products4.Android.csproj", "{5C7CD1E6-F14D-4077-AF2F-19A1FD3CD501}"
EndProject
Project("{FAE04EC0-301F-11D3-BF4B-00C04F79EFBC}") = "Products4", "Products4\Products4\Products4.csproj", "{030D3F22-2518-43CD-A886-E991303CD587}"
EndProject
Project("{FAE04EC0-301F-11D3-BF4B-00C04F79EFBC}") = "Products4.UWP", "Products4\Products4.UWP\Products4.UWP.csproj", "{5C932AFA-01D0-42DC-9110-B9791CF2835A}"
EndProject
Project("{FAE04EC0-301F-11D3-BF4B-00C04F79EFBC}") = "Products4.iOS", "Products4\Products4.iOS\Products4.iOS.csproj", "{89FF3D7C-4163-4894-A900-E340618D09AA}"
EndProject
Project("{FAE04EC0-301F-11D3-BF4B-00C04F79EFBC}") = "Products4.Domain", "Products4.Domain\Products4.Domain.csproj", "{1A138F12-5AF7-4339-AE4A-D18B990752DD}"
EndProject
Project("{FAE04EC0-301F-11D3-BF4B-00C04F79EFBC}") = "Products4.Backend", "Products4.Backend\Products4.Backend.csproj", "{CFC3D8D3-CDF1-447C-8966-B2ACDC418D3B}"
EndProject
Project("{FAE04EC0-301F-11D3-BF4B-00C04F79EFBC}") = "Products4.API", "Products4.API\Products4.API.csproj", "{3538211F-3922-471B-898C-729A2957FE8D}"
EndProject
Global
	GlobalSection(SolutionConfigurationPlatforms) = preSolution
		Ad-Hoc|Any CPU = Ad-Hoc|Any CPU
		Ad-Hoc|ARM = Ad-Hoc|ARM
		Ad-Hoc|iPhone = Ad-Hoc|iPhone
		Ad-Hoc|iPhoneSimulator = Ad-Hoc|iPhoneSimulator
		Ad-Hoc|x64 = Ad-Hoc|x64
		Ad-Hoc|x86 = Ad-Hoc|x86
		AppStore|Any CPU = AppStore|Any CPU
		AppStore|ARM = AppStore|ARM
		AppStore|iPhone = AppStore|iPhone
		AppStore|iPhoneSimulator = AppStore|iPhoneSimulator
		AppStore|x64 = AppStore|x64
		AppStore|x86 = AppStore|x86
		Debug|Any CPU = Debug|Any CPU
		Debug|ARM = Debug|ARM
		Debug|iPhone = Debug|iPhone
		Debug|iPhoneSimulator = Debug|iPhoneSimulator
		Debug|x64 = Debug|x64
		Debug|x86 = Debug|x86
		Release|Any CPU = Release|Any CPU
		Release|ARM = Release|ARM
		Release|iPhone = Release|iPhone
		Release|iPhoneSimulator = Release|iPhoneSimulator
		Release|x64 = Release|x64
		Release|x86 = Release|x86
	EndGlobalSection
	GlobalSection(ProjectConfigurationPlatforms) = postSolution
		{5C7CD1E6-F14D-4077-AF2F-19A1FD3CD501}.Ad-Hoc|Any CPU.ActiveCfg = Release|Any CPU
		{5C7CD1E6-F14D-4077-AF2F-19A1FD3CD501}.Ad-Hoc|Any CPU.Build.0 = Release|Any CPU
		{5C7CD1E6-F14D-4077-AF2F-19A1FD3CD501}.Ad-Hoc|Any CPU.Deploy.0 = Release|Any CPU
		{5C7CD1E6-F14D-4077-AF2F-19A1FD3CD501}.Ad-Hoc|ARM.ActiveCfg = Release|Any CPU
		{5C7CD1E6-F14D-4077-AF2F-19A1FD3CD501}.Ad-Hoc|ARM.Build.0 = Release|Any CPU
		{5C7CD1E6-F14D-4077-AF2F-19A1FD3CD501}.Ad-Hoc|ARM.Deploy.0 = Release|Any CPU
		{5C7CD1E6-F14D-4077-AF2F-19A1FD3CD501}.Ad-Hoc|iPhone.ActiveCfg = Release|Any CPU
		{5C7CD1E6-F14D-4077-AF2F-19A1FD3CD501}.Ad-Hoc|iPhone.Build.0 = Release|Any CPU
		{5C7CD1E6-F14D-4077-AF2F-19A1FD3CD501}.Ad-Hoc|iPhone.Deploy.0 = Release|Any CPU
		{5C7CD1E6-F14D-4077-AF2F-19A1FD3CD501}.Ad-Hoc|iPhoneSimulator.ActiveCfg = Release|Any CPU
		{5C7CD1E6-F14D-4077-AF2F-19A1FD3CD501}.Ad-Hoc|iPhoneSimulator.Build.0 = Release|Any CPU
		{5C7CD1E6-F14D-4077-AF2F-19A1FD3CD501}.Ad-Hoc|iPhoneSimulator.Deploy.0 = Release|Any CPU
		{5C7CD1E6-F14D-4077-AF2F-19A1FD3CD501}.Ad-Hoc|x64.ActiveCfg = Release|Any CPU
		{5C7CD1E6-F14D-4077-AF2F-19A1FD3CD501}.Ad-Hoc|x64.Build.0 = Release|Any CPU
		{5C7CD1E6-F14D-4077-AF2F-19A1FD3CD501}.Ad-Hoc|x64.Deploy.0 = Release|Any CPU
		{5C7CD1E6-F14D-4077-AF2F-19A1FD3CD501}.Ad-Hoc|x86.ActiveCfg = Release|Any CPU
		{5C7CD1E6-F14D-4077-AF2F-19A1FD3CD501}.Ad-Hoc|x86.Build.0 = Release|Any CPU
		{5C7CD1E6-F14D-4077-AF2F-19A1FD3CD501}.Ad-Hoc|x86.Deploy.0 = Release|Any CPU
		{5C7CD1E6-F14D-4077-AF2F-19A1FD3CD501}.AppStore|Any CPU.ActiveCfg = Release|Any CPU
		{5C7CD1E6-F14D-4077-AF2F-19A1FD3CD501}.AppStore|Any CPU.Build.0 = Release|Any CPU
		{5C7CD1E6-F14D-4077-AF2F-19A1FD3CD501}.AppStore|Any CPU.Deploy.0 = Release|Any CPU
		{5C7CD1E6-F14D-4077-AF2F-19A1FD3CD501}.AppStore|ARM.ActiveCfg = Release|Any CPU
		{5C7CD1E6-F14D-4077-AF2F-19A1FD3CD501}.AppStore|ARM.Build.0 = Release|Any CPU
		{5C7CD1E6-F14D-4077-AF2F-19A1FD3CD501}.AppStore|ARM.Deploy.0 = Release|Any CPU
		{5C7CD1E6-F14D-4077-AF2F-19A1FD3CD501}.AppStore|iPhone.ActiveCfg = Release|Any CPU
		{5C7CD1E6-F14D-4077-AF2F-19A1FD3CD501}.AppStore|iPhone.Build.0 = Release|Any CPU
		{5C7CD1E6-F14D-4077-AF2F-19A1FD3CD501}.AppStore|iPhone.Deploy.0 = Release|Any CPU
		{5C7CD1E6-F14D-4077-AF2F-19A1FD3CD501}.AppStore|iPhoneSimulator.ActiveCfg = Release|Any CPU
		{5C7CD1E6-F14D-4077-AF2F-19A1FD3CD501}.AppStore|iPhoneSimulator.Build.0 = Release|Any CPU
		{5C7CD1E6-F14D-4077-AF2F-19A1FD3CD501}.AppStore|iPhoneSimulator.Deploy.0 = Release|Any CPU
		{5C7CD1E6-F14D-4077-AF2F-19A1FD3CD501}.AppStore|x64.ActiveCfg = Release|Any CPU
		{5C7CD1E6-F14D-4077-AF2F-19A1FD3CD501}.AppStore|x64.Build.0 = Release|Any CPU
		{5C7CD1E6-F14D-4077-AF2F-19A1FD3CD501}.AppStore|x64.Deploy.0 = Release|Any CPU
		{5C7CD1E6-F14D-4077-AF2F-19A1FD3CD501}.AppStore|x86.ActiveCfg = Release|Any CPU
		{5C7CD1E6-F14D-4077-AF2F-19A1FD3CD501}.AppStore|x86.Build.0 = Release|Any CPU
		{5C7CD1E6-F14D-4077-AF2F-19A1FD3CD501}.AppStore|x86.Deploy.0 = Release|Any CPU
		{5C7CD1E6-F14D-4077-AF2F-19A1FD3CD501}.Debug|Any CPU.ActiveCfg = Debug|Any CPU
		{5C7CD1E6-F14D-4077-AF2F-19A1FD3CD501}.Debug|Any CPU.Build.0 = Debug|Any CPU
		{5C7CD1E6-F14D-4077-AF2F-19A1FD3CD501}.Debug|Any CPU.Deploy.0 = Debug|Any CPU
		{5C7CD1E6-F14D-4077-AF2F-19A1FD3CD501}.Debug|ARM.ActiveCfg = Debug|Any CPU
		{5C7CD1E6-F14D-4077-AF2F-19A1FD3CD501}.Debug|ARM.Build.0 = Debug|Any CPU
		{5C7CD1E6-F14D-4077-AF2F-19A1FD3CD501}.Debug|ARM.Deploy.0 = Debug|Any CPU
		{5C7CD1E6-F14D-4077-AF2F-19A1FD3CD501}.Debug|iPhone.ActiveCfg = Debug|Any CPU
		{5C7CD1E6-F14D-4077-AF2F-19A1FD3CD501}.Debug|iPhone.Build.0 = Debug|Any CPU
		{5C7CD1E6-F14D-4077-AF2F-19A1FD3CD501}.Debug|iPhone.Deploy.0 = Debug|Any CPU
		{5C7CD1E6-F14D-4077-AF2F-19A1FD3CD501}.Debug|iPhoneSimulator.ActiveCfg = Debug|Any CPU
		{5C7CD1E6-F14D-4077-AF2F-19A1FD3CD501}.Debug|iPhoneSimulator.Build.0 = Debug|Any CPU
		{5C7CD1E6-F14D-4077-AF2F-19A1FD3CD501}.Debug|iPhoneSimulator.Deploy.0 = Debug|Any CPU
		{5C7CD1E6-F14D-4077-AF2F-19A1FD3CD501}.Debug|x64.ActiveCfg = Debug|Any CPU
		{5C7CD1E6-F14D-4077-AF2F-19A1FD3CD501}.Debug|x64.Build.0 = Debug|Any CPU
		{5C7CD1E6-F14D-4077-AF2F-19A1FD3CD501}.Debug|x64.Deploy.0 = Debug|Any CPU
		{5C7CD1E6-F14D-4077-AF2F-19A1FD3CD501}.Debug|x86.ActiveCfg = Debug|Any CPU
		{5C7CD1E6-F14D-4077-AF2F-19A1FD3CD501}.Debug|x86.Build.0 = Debug|Any CPU
		{5C7CD1E6-F14D-4077-AF2F-19A1FD3CD501}.Debug|x86.Deploy.0 = Debug|Any CPU
		{5C7CD1E6-F14D-4077-AF2F-19A1FD3CD501}.Release|Any CPU.ActiveCfg = Release|Any CPU
		{5C7CD1E6-F14D-4077-AF2F-19A1FD3CD501}.Release|Any CPU.Build.0 = Release|Any CPU
		{5C7CD1E6-F14D-4077-AF2F-19A1FD3CD501}.Release|Any CPU.Deploy.0 = Release|Any CPU
		{5C7CD1E6-F14D-4077-AF2F-19A1FD3CD501}.Release|ARM.ActiveCfg = Release|Any CPU
		{5C7CD1E6-F14D-4077-AF2F-19A1FD3CD501}.Release|ARM.Build.0 = Release|Any CPU
		{5C7CD1E6-F14D-4077-AF2F-19A1FD3CD501}.Release|ARM.Deploy.0 = Release|Any CPU
		{5C7CD1E6-F14D-4077-AF2F-19A1FD3CD501}.Release|iPhone.ActiveCfg = Release|Any CPU
		{5C7CD1E6-F14D-4077-AF2F-19A1FD3CD501}.Release|iPhone.Build.0 = Release|Any CPU
		{5C7CD1E6-F14D-4077-AF2F-19A1FD3CD501}.Release|iPhone.Deploy.0 = Release|Any CPU
		{5C7CD1E6-F14D-4077-AF2F-19A1FD3CD501}.Release|iPhoneSimulator.ActiveCfg = Release|Any CPU
		{5C7CD1E6-F14D-4077-AF2F-19A1FD3CD501}.Release|iPhoneSimulator.Build.0 = Release|Any CPU
		{5C7CD1E6-F14D-4077-AF2F-19A1FD3CD501}.Release|iPhoneSimulator.Deploy.0 = Release|Any CPU
		{5C7CD1E6-F14D-4077-AF2F-19A1FD3CD501}.Release|x64.ActiveCfg = Release|Any CPU
		{5C7CD1E6-F14D-4077-AF2F-19A1FD3CD501}.Release|x64.Build.0 = Release|Any CPU
		{5C7CD1E6-F14D-4077-AF2F-19A1FD3CD501}.Release|x64.Deploy.0 = Release|Any CPU
		{5C7CD1E6-F14D-4077-AF2F-19A1FD3CD501}.Release|x86.ActiveCfg = Release|Any CPU
		{5C7CD1E6-F14D-4077-AF2F-19A1FD3CD501}.Release|x86.Build.0 = Release|Any CPU
		{5C7CD1E6-F14D-4077-AF2F-19A1FD3CD501}.Release|x86.Deploy.0 = Release|Any CPU
		{030D3F22-2518-43CD-A886-E991303CD587}.Ad-Hoc|Any CPU.ActiveCfg = Release|Any CPU
		{030D3F22-2518-43CD-A886-E991303CD587}.Ad-Hoc|Any CPU.Build.0 = Release|Any CPU
		{030D3F22-2518-43CD-A886-E991303CD587}.Ad-Hoc|ARM.ActiveCfg = Release|Any CPU
		{030D3F22-2518-43CD-A886-E991303CD587}.Ad-Hoc|ARM.Build.0 = Release|Any CPU
		{030D3F22-2518-43CD-A886-E991303CD587}.Ad-Hoc|iPhone.ActiveCfg = Release|Any CPU
		{030D3F22-2518-43CD-A886-E991303CD587}.Ad-Hoc|iPhone.Build.0 = Release|Any CPU
		{030D3F22-2518-43CD-A886-E991303CD587}.Ad-Hoc|iPhoneSimulator.ActiveCfg = Release|Any CPU
		{030D3F22-2518-43CD-A886-E991303CD587}.Ad-Hoc|iPhoneSimulator.Build.0 = Release|Any CPU
		{030D3F22-2518-43CD-A886-E991303CD587}.Ad-Hoc|x64.ActiveCfg = Release|Any CPU
		{030D3F22-2518-43CD-A886-E991303CD587}.Ad-Hoc|x64.Build.0 = Release|Any CPU
		{030D3F22-2518-43CD-A886-E991303CD587}.Ad-Hoc|x86.ActiveCfg = Release|Any CPU
		{030D3F22-2518-43CD-A886-E991303CD587}.Ad-Hoc|x86.Build.0 = Release|Any CPU
		{030D3F22-2518-43CD-A886-E991303CD587}.AppStore|Any CPU.ActiveCfg = Release|Any CPU
		{030D3F22-2518-43CD-A886-E991303CD587}.AppStore|Any CPU.Build.0 = Release|Any CPU
		{030D3F22-2518-43CD-A886-E991303CD587}.AppStore|ARM.ActiveCfg = Release|Any CPU
		{030D3F22-2518-43CD-A886-E991303CD587}.AppStore|ARM.Build.0 = Release|Any CPU
		{030D3F22-2518-43CD-A886-E991303CD587}.AppStore|iPhone.ActiveCfg = Release|Any CPU
		{030D3F22-2518-43CD-A886-E991303CD587}.AppStore|iPhone.Build.0 = Release|Any CPU
		{030D3F22-2518-43CD-A886-E991303CD587}.AppStore|iPhoneSimulator.ActiveCfg = Release|Any CPU
		{030D3F22-2518-43CD-A886-E991303CD587}.AppStore|iPhoneSimulator.Build.0 = Release|Any CPU
		{030D3F22-2518-43CD-A886-E991303CD587}.AppStore|x64.ActiveCfg = Release|Any CPU
		{030D3F22-2518-43CD-A886-E991303CD587}.AppStore|x64.Build.0 = Release|Any CPU
		{030D3F22-2518-43CD-A886-E991303CD587}.AppStore|x86.ActiveCfg = Release|Any CPU
		{030D3F22-2518-43CD-A886-E991303CD587}.AppStore|x86.Build.0 = Release|Any CPU
		{030D3F22-2518-43CD-A886-E991303CD587}.Debug|Any CPU.ActiveCfg = Debug|Any CPU
		{030D3F22-2518-43CD-A886-E991303CD587}.Debug|Any CPU.Build.0 = Debug|Any CPU
		{030D3F22-2518-43CD-A886-E991303CD587}.Debug|ARM.ActiveCfg = Debug|Any CPU
		{030D3F22-2518-43CD-A886-E991303CD587}.Debug|ARM.Build.0 = Debug|Any CPU
		{030D3F22-2518-43CD-A886-E991303CD587}.Debug|iPhone.ActiveCfg = Debug|Any CPU
		{030D3F22-2518-43CD-A886-E991303CD587}.Debug|iPhone.Build.0 = Debug|Any CPU
		{030D3F22-2518-43CD-A886-E991303CD587}.Debug|iPhoneSimulator.ActiveCfg = Debug|Any CPU
		{030D3F22-2518-43CD-A886-E991303CD587}.Debug|iPhoneSimulator.Build.0 = Debug|Any CPU
		{030D3F22-2518-43CD-A886-E991303CD587}.Debug|x64.ActiveCfg = Debug|Any CPU
		{030D3F22-2518-43CD-A886-E991303CD587}.Debug|x64.Build.0 = Debug|Any CPU
		{030D3F22-2518-43CD-A886-E991303CD587}.Debug|x86.ActiveCfg = Debug|Any CPU
		{030D3F22-2518-43CD-A886-E991303CD587}.Debug|x86.Build.0 = Debug|Any CPU
		{030D3F22-2518-43CD-A886-E991303CD587}.Release|Any CPU.ActiveCfg = Release|Any CPU
		{030D3F22-2518-43CD-A886-E991303CD587}.Release|Any CPU.Build.0 = Release|Any CPU
		{030D3F22-2518-43CD-A886-E991303CD587}.Release|ARM.ActiveCfg = Release|Any CPU
		{030D3F22-2518-43CD-A886-E991303CD587}.Release|ARM.Build.0 = Release|Any CPU
		{030D3F22-2518-43CD-A886-E991303CD587}.Release|iPhone.ActiveCfg = Release|Any CPU
		{030D3F22-2518-43CD-A886-E991303CD587}.Release|iPhone.Build.0 = Release|Any CPU
		{030D3F22-2518-43CD-A886-E991303CD587}.Release|iPhoneSimulator.ActiveCfg = Release|Any CPU
		{030D3F22-2518-43CD-A886-E991303CD587}.Release|iPhoneSimulator.Build.0 = Release|Any CPU
		{030D3F22-2518-43CD-A886-E991303CD587}.Release|x64.ActiveCfg = Release|Any CPU
		{030D3F22-2518-43CD-A886-E991303CD587}.Release|x64.Build.0 = Release|Any CPU
		{030D3F22-2518-43CD-A886-E991303CD587}.Release|x86.ActiveCfg = Release|Any CPU
		{030D3F22-2518-43CD-A886-E991303CD587}.Release|x86.Build.0 = Release|Any CPU
		{5C932AFA-01D0-42DC-9110-B9791CF2835A}.Ad-Hoc|Any CPU.ActiveCfg = Release|x86
		{5C932AFA-01D0-42DC-9110-B9791CF2835A}.Ad-Hoc|Any CPU.Build.0 = Release|x86
		{5C932AFA-01D0-42DC-9110-B9791CF2835A}.Ad-Hoc|Any CPU.Deploy.0 = Release|x86
		{5C932AFA-01D0-42DC-9110-B9791CF2835A}.Ad-Hoc|ARM.ActiveCfg = Release|ARM
		{5C932AFA-01D0-42DC-9110-B9791CF2835A}.Ad-Hoc|ARM.Build.0 = Release|ARM
		{5C932AFA-01D0-42DC-9110-B9791CF2835A}.Ad-Hoc|ARM.Deploy.0 = Release|ARM
		{5C932AFA-01D0-42DC-9110-B9791CF2835A}.Ad-Hoc|iPhone.ActiveCfg = Release|x86
		{5C932AFA-01D0-42DC-9110-B9791CF2835A}.Ad-Hoc|iPhone.Build.0 = Release|x86
		{5C932AFA-01D0-42DC-9110-B9791CF2835A}.Ad-Hoc|iPhone.Deploy.0 = Release|x86
		{5C932AFA-01D0-42DC-9110-B9791CF2835A}.Ad-Hoc|iPhoneSimulator.ActiveCfg = Release|x86
		{5C932AFA-01D0-42DC-9110-B9791CF2835A}.Ad-Hoc|iPhoneSimulator.Build.0 = Release|x86
		{5C932AFA-01D0-42DC-9110-B9791CF2835A}.Ad-Hoc|iPhoneSimulator.Deploy.0 = Release|x86
		{5C932AFA-01D0-42DC-9110-B9791CF2835A}.Ad-Hoc|x64.ActiveCfg = Release|x64
		{5C932AFA-01D0-42DC-9110-B9791CF2835A}.Ad-Hoc|x64.Build.0 = Release|x64
		{5C932AFA-01D0-42DC-9110-B9791CF2835A}.Ad-Hoc|x64.Deploy.0 = Release|x64
		{5C932AFA-01D0-42DC-9110-B9791CF2835A}.Ad-Hoc|x86.ActiveCfg = Release|x86
		{5C932AFA-01D0-42DC-9110-B9791CF2835A}.Ad-Hoc|x86.Build.0 = Release|x86
		{5C932AFA-01D0-42DC-9110-B9791CF2835A}.Ad-Hoc|x86.Deploy.0 = Release|x86
		{5C932AFA-01D0-42DC-9110-B9791CF2835A}.AppStore|Any CPU.ActiveCfg = Release|x86
		{5C932AFA-01D0-42DC-9110-B9791CF2835A}.AppStore|Any CPU.Build.0 = Release|x86
		{5C932AFA-01D0-42DC-9110-B9791CF2835A}.AppStore|Any CPU.Deploy.0 = Release|x86
		{5C932AFA-01D0-42DC-9110-B9791CF2835A}.AppStore|ARM.ActiveCfg = Release|ARM
		{5C932AFA-01D0-42DC-9110-B9791CF2835A}.AppStore|ARM.Build.0 = Release|ARM
		{5C932AFA-01D0-42DC-9110-B9791CF2835A}.AppStore|ARM.Deploy.0 = Release|ARM
		{5C932AFA-01D0-42DC-9110-B9791CF2835A}.AppStore|iPhone.ActiveCfg = Release|x86
		{5C932AFA-01D0-42DC-9110-B9791CF2835A}.AppStore|iPhone.Build.0 = Release|x86
		{5C932AFA-01D0-42DC-9110-B9791CF2835A}.AppStore|iPhone.Deploy.0 = Release|x86
		{5C932AFA-01D0-42DC-9110-B9791CF2835A}.AppStore|iPhoneSimulator.ActiveCfg = Release|x86
		{5C932AFA-01D0-42DC-9110-B9791CF2835A}.AppStore|iPhoneSimulator.Build.0 = Release|x86
		{5C932AFA-01D0-42DC-9110-B9791CF2835A}.AppStore|iPhoneSimulator.Deploy.0 = Release|x86
		{5C932AFA-01D0-42DC-9110-B9791CF2835A}.AppStore|x64.ActiveCfg = Release|x64
		{5C932AFA-01D0-42DC-9110-B9791CF2835A}.AppStore|x64.Build.0 = Release|x64
		{5C932AFA-01D0-42DC-9110-B9791CF2835A}.AppStore|x64.Deploy.0 = Release|x64
		{5C932AFA-01D0-42DC-9110-B9791CF2835A}.AppStore|x86.ActiveCfg = Release|x86
		{5C932AFA-01D0-42DC-9110-B9791CF2835A}.AppStore|x86.Build.0 = Release|x86
		{5C932AFA-01D0-42DC-9110-B9791CF2835A}.AppStore|x86.Deploy.0 = Release|x86
		{5C932AFA-01D0-42DC-9110-B9791CF2835A}.Debug|Any CPU.ActiveCfg = Debug|x86
		{5C932AFA-01D0-42DC-9110-B9791CF2835A}.Debug|ARM.ActiveCfg = Debug|ARM
		{5C932AFA-01D0-42DC-9110-B9791CF2835A}.Debug|ARM.Build.0 = Debug|ARM
		{5C932AFA-01D0-42DC-9110-B9791CF2835A}.Debug|ARM.Deploy.0 = Debug|ARM
		{5C932AFA-01D0-42DC-9110-B9791CF2835A}.Debug|iPhone.ActiveCfg = Debug|x86
		{5C932AFA-01D0-42DC-9110-B9791CF2835A}.Debug|iPhoneSimulator.ActiveCfg = Debug|x86
		{5C932AFA-01D0-42DC-9110-B9791CF2835A}.Debug|x64.ActiveCfg = Debug|x64
		{5C932AFA-01D0-42DC-9110-B9791CF2835A}.Debug|x64.Build.0 = Debug|x64
		{5C932AFA-01D0-42DC-9110-B9791CF2835A}.Debug|x64.Deploy.0 = Debug|x64
		{5C932AFA-01D0-42DC-9110-B9791CF2835A}.Debug|x86.ActiveCfg = Debug|x86
		{5C932AFA-01D0-42DC-9110-B9791CF2835A}.Debug|x86.Build.0 = Debug|x86
		{5C932AFA-01D0-42DC-9110-B9791CF2835A}.Debug|x86.Deploy.0 = Debug|x86
		{5C932AFA-01D0-42DC-9110-B9791CF2835A}.Release|Any CPU.ActiveCfg = Release|x86
		{5C932AFA-01D0-42DC-9110-B9791CF2835A}.Release|ARM.ActiveCfg = Release|ARM
		{5C932AFA-01D0-42DC-9110-B9791CF2835A}.Release|ARM.Build.0 = Release|ARM
		{5C932AFA-01D0-42DC-9110-B9791CF2835A}.Release|ARM.Deploy.0 = Release|ARM
		{5C932AFA-01D0-42DC-9110-B9791CF2835A}.Release|iPhone.ActiveCfg = Release|x86
		{5C932AFA-01D0-42DC-9110-B9791CF2835A}.Release|iPhoneSimulator.ActiveCfg = Release|x86
		{5C932AFA-01D0-42DC-9110-B9791CF2835A}.Release|x64.ActiveCfg = Release|x64
		{5C932AFA-01D0-42DC-9110-B9791CF2835A}.Release|x64.Build.0 = Release|x64
		{5C932AFA-01D0-42DC-9110-B9791CF2835A}.Release|x64.Deploy.0 = Release|x64
		{5C932AFA-01D0-42DC-9110-B9791CF2835A}.Release|x86.ActiveCfg = Release|x86
		{5C932AFA-01D0-42DC-9110-B9791CF2835A}.Release|x86.Build.0 = Release|x86
		{5C932AFA-01D0-42DC-9110-B9791CF2835A}.Release|x86.Deploy.0 = Release|x86
		{89FF3D7C-4163-4894-A900-E340618D09AA}.Ad-Hoc|Any CPU.ActiveCfg = Ad-Hoc|iPhone
		{89FF3D7C-4163-4894-A900-E340618D09AA}.Ad-Hoc|ARM.ActiveCfg = Ad-Hoc|iPhone
		{89FF3D7C-4163-4894-A900-E340618D09AA}.Ad-Hoc|iPhone.ActiveCfg = Ad-Hoc|iPhone
		{89FF3D7C-4163-4894-A900-E340618D09AA}.Ad-Hoc|iPhone.Build.0 = Ad-Hoc|iPhone
		{89FF3D7C-4163-4894-A900-E340618D09AA}.Ad-Hoc|iPhoneSimulator.ActiveCfg = Ad-Hoc|iPhoneSimulator
		{89FF3D7C-4163-4894-A900-E340618D09AA}.Ad-Hoc|iPhoneSimulator.Build.0 = Ad-Hoc|iPhoneSimulator
		{89FF3D7C-4163-4894-A900-E340618D09AA}.Ad-Hoc|x64.ActiveCfg = Ad-Hoc|iPhone
		{89FF3D7C-4163-4894-A900-E340618D09AA}.Ad-Hoc|x86.ActiveCfg = Ad-Hoc|iPhone
		{89FF3D7C-4163-4894-A900-E340618D09AA}.AppStore|Any CPU.ActiveCfg = AppStore|iPhone
		{89FF3D7C-4163-4894-A900-E340618D09AA}.AppStore|ARM.ActiveCfg = AppStore|iPhone
		{89FF3D7C-4163-4894-A900-E340618D09AA}.AppStore|iPhone.ActiveCfg = AppStore|iPhone
		{89FF3D7C-4163-4894-A900-E340618D09AA}.AppStore|iPhone.Build.0 = AppStore|iPhone
		{89FF3D7C-4163-4894-A900-E340618D09AA}.AppStore|iPhoneSimulator.ActiveCfg = AppStore|iPhoneSimulator
		{89FF3D7C-4163-4894-A900-E340618D09AA}.AppStore|iPhoneSimulator.Build.0 = AppStore|iPhoneSimulator
		{89FF3D7C-4163-4894-A900-E340618D09AA}.AppStore|x64.ActiveCfg = AppStore|iPhone
		{89FF3D7C-4163-4894-A900-E340618D09AA}.AppStore|x86.ActiveCfg = AppStore|iPhone
		{89FF3D7C-4163-4894-A900-E340618D09AA}.Debug|Any CPU.ActiveCfg = Debug|iPhone
		{89FF3D7C-4163-4894-A900-E340618D09AA}.Debug|ARM.ActiveCfg = Debug|iPhone
		{89FF3D7C-4163-4894-A900-E340618D09AA}.Debug|iPhone.ActiveCfg = Debug|iPhone
		{89FF3D7C-4163-4894-A900-E340618D09AA}.Debug|iPhone.Build.0 = Debug|iPhone
		{89FF3D7C-4163-4894-A900-E340618D09AA}.Debug|iPhoneSimulator.ActiveCfg = Debug|iPhoneSimulator
		{89FF3D7C-4163-4894-A900-E340618D09AA}.Debug|iPhoneSimulator.Build.0 = Debug|iPhoneSimulator
		{89FF3D7C-4163-4894-A900-E340618D09AA}.Debug|x64.ActiveCfg = Debug|iPhone
		{89FF3D7C-4163-4894-A900-E340618D09AA}.Debug|x86.ActiveCfg = Debug|iPhone
		{89FF3D7C-4163-4894-A900-E340618D09AA}.Release|Any CPU.ActiveCfg = Release|iPhone
		{89FF3D7C-4163-4894-A900-E340618D09AA}.Release|ARM.ActiveCfg = Release|iPhone
		{89FF3D7C-4163-4894-A900-E340618D09AA}.Release|iPhone.ActiveCfg = Release|iPhone
		{89FF3D7C-4163-4894-A900-E340618D09AA}.Release|iPhone.Build.0 = Release|iPhone
		{89FF3D7C-4163-4894-A900-E340618D09AA}.Release|iPhoneSimulator.ActiveCfg = Release|iPhoneSimulator
		{89FF3D7C-4163-4894-A900-E340618D09AA}.Release|iPhoneSimulator.Build.0 = Release|iPhoneSimulator
		{89FF3D7C-4163-4894-A900-E340618D09AA}.Release|x64.ActiveCfg = Release|iPhone
		{89FF3D7C-4163-4894-A900-E340618D09AA}.Release|x86.ActiveCfg = Release|iPhone
		{1A138F12-5AF7-4339-AE4A-D18B990752DD}.Ad-Hoc|Any CPU.ActiveCfg = Release|Any CPU
		{1A138F12-5AF7-4339-AE4A-D18B990752DD}.Ad-Hoc|Any CPU.Build.0 = Release|Any CPU
		{1A138F12-5AF7-4339-AE4A-D18B990752DD}.Ad-Hoc|ARM.ActiveCfg = Release|Any CPU
		{1A138F12-5AF7-4339-AE4A-D18B990752DD}.Ad-Hoc|ARM.Build.0 = Release|Any CPU
		{1A138F12-5AF7-4339-AE4A-D18B990752DD}.Ad-Hoc|iPhone.ActiveCfg = Release|Any CPU
		{1A138F12-5AF7-4339-AE4A-D18B990752DD}.Ad-Hoc|iPhone.Build.0 = Release|Any CPU
		{1A138F12-5AF7-4339-AE4A-D18B990752DD}.Ad-Hoc|iPhoneSimulator.ActiveCfg = Release|Any CPU
		{1A138F12-5AF7-4339-AE4A-D18B990752DD}.Ad-Hoc|iPhoneSimulator.Build.0 = Release|Any CPU
		{1A138F12-5AF7-4339-AE4A-D18B990752DD}.Ad-Hoc|x64.ActiveCfg = Release|Any CPU
		{1A138F12-5AF7-4339-AE4A-D18B990752DD}.Ad-Hoc|x64.Build.0 = Release|Any CPU
		{1A138F12-5AF7-4339-AE4A-D18B990752DD}.Ad-Hoc|x86.ActiveCfg = Release|Any CPU
		{1A138F12-5AF7-4339-AE4A-D18B990752DD}.Ad-Hoc|x86.Build.0 = Release|Any CPU
		{1A138F12-5AF7-4339-AE4A-D18B990752DD}.AppStore|Any CPU.ActiveCfg = Release|Any CPU
		{1A138F12-5AF7-4339-AE4A-D18B990752DD}.AppStore|Any CPU.Build.0 = Release|Any CPU
		{1A138F12-5AF7-4339-AE4A-D18B990752DD}.AppStore|ARM.ActiveCfg = Release|Any CPU
		{1A138F12-5AF7-4339-AE4A-D18B990752DD}.AppStore|ARM.Build.0 = Release|Any CPU
		{1A138F12-5AF7-4339-AE4A-D18B990752DD}.AppStore|iPhone.ActiveCfg = Release|Any CPU
		{1A138F12-5AF7-4339-AE4A-D18B990752DD}.AppStore|iPhone.Build.0 = Release|Any CPU
		{1A138F12-5AF7-4339-AE4A-D18B990752DD}.AppStore|iPhoneSimulator.ActiveCfg = Release|Any CPU
		{1A138F12-5AF7-4339-AE4A-D18B990752DD}.AppStore|iPhoneSimulator.Build.0 = Release|Any CPU
		{1A138F12-5AF7-4339-AE4A-D18B990752DD}.AppStore|x64.ActiveCfg = Release|Any CPU
		{1A138F12-5AF7-4339-AE4A-D18B990752DD}.AppStore|x64.Build.0 = Release|Any CPU
		{1A138F12-5AF7-4339-AE4A-D18B990752DD}.AppStore|x86.ActiveCfg = Release|Any CPU
		{1A138F12-5AF7-4339-AE4A-D18B990752DD}.AppStore|x86.Build.0 = Release|Any CPU
		{1A138F12-5AF7-4339-AE4A-D18B990752DD}.Debug|Any CPU.ActiveCfg = Debug|Any CPU
		{1A138F12-5AF7-4339-AE4A-D18B990752DD}.Debug|Any CPU.Build.0 = Debug|Any CPU
		{1A138F12-5AF7-4339-AE4A-D18B990752DD}.Debug|ARM.ActiveCfg = Debug|Any CPU
		{1A138F12-5AF7-4339-AE4A-D18B990752DD}.Debug|ARM.Build.0 = Debug|Any CPU
		{1A138F12-5AF7-4339-AE4A-D18B990752DD}.Debug|iPhone.ActiveCfg = Debug|Any CPU
		{1A138F12-5AF7-4339-AE4A-D18B990752DD}.Debug|iPhone.Build.0 = Debug|Any CPU
		{1A138F12-5AF7-4339-AE4A-D18B990752DD}.Debug|iPhoneSimulator.ActiveCfg = Debug|Any CPU
		{1A138F12-5AF7-4339-AE4A-D18B990752DD}.Debug|iPhoneSimulator.Build.0 = Debug|Any CPU
		{1A138F12-5AF7-4339-AE4A-D18B990752DD}.Debug|x64.ActiveCfg = Debug|Any CPU
		{1A138F12-5AF7-4339-AE4A-D18B990752DD}.Debug|x64.Build.0 = Debug|Any CPU
		{1A138F12-5AF7-4339-AE4A-D18B990752DD}.Debug|x86.ActiveCfg = Debug|Any CPU
		{1A138F12-5AF7-4339-AE4A-D18B990752DD}.Debug|x86.Build.0 = Debug|Any CPU
		{1A138F12-5AF7-4339-AE4A-D18B990752DD}.Release|Any CPU.ActiveCfg = Release|Any CPU
		{1A138F12-5AF7-4339-AE4A-D18B990752DD}.Release|Any CPU.Build.0 = Release|Any CPU
		{1A138F12-5AF7-4339-AE4A-D18B990752DD}.Release|ARM.ActiveCfg = Release|Any CPU
		{1A138F12-5AF7-4339-AE4A-D18B990752DD}.Release|ARM.Build.0 = Release|Any CPU
		{1A138F12-5AF7-4339-AE4A-D18B990752DD}.Release|iPhone.ActiveCfg = Release|Any CPU
		{1A138F12-5AF7-4339-AE4A-D18B990752DD}.Release|iPhone.Build.0 = Release|Any CPU
		{1A138F12-5AF7-4339-AE4A-D18B990752DD}.Release|iPhoneSimulator.ActiveCfg = Release|Any CPU
		{1A138F12-5AF7-4339-AE4A-D18B990752DD}.Release|iPhoneSimulator.Build.0 = Release|Any CPU
		{1A138F12-5AF7-4339-AE4A-D18B990752DD}.Release|x64.ActiveCfg = Release|Any CPU
		{1A138F12-5AF7-4339-AE4A-D18B990752DD}.Release|x64.Build.0 = Release|Any CPU
		{1A138F12-5AF7-4339-AE4A-D18B990752DD}.Release|x86.ActiveCfg = Release|Any CPU
		{1A138F12-5AF7-4339-AE4A-D18B990752DD}.Release|x86.Build.0 = Release|Any CPU
		{CFC3D8D3-CDF1-447C-8966-B2ACDC418D3B}.Ad-Hoc|Any CPU.ActiveCfg = Release|Any CPU
		{CFC3D8D3-CDF1-447C-8966-B2ACDC418D3B}.Ad-Hoc|Any CPU.Build.0 = Release|Any CPU
		{CFC3D8D3-CDF1-447C-8966-B2ACDC418D3B}.Ad-Hoc|ARM.ActiveCfg = Release|Any CPU
		{CFC3D8D3-CDF1-447C-8966-B2ACDC418D3B}.Ad-Hoc|ARM.Build.0 = Release|Any CPU
		{CFC3D8D3-CDF1-447C-8966-B2ACDC418D3B}.Ad-Hoc|iPhone.ActiveCfg = Release|Any CPU
		{CFC3D8D3-CDF1-447C-8966-B2ACDC418D3B}.Ad-Hoc|iPhone.Build.0 = Release|Any CPU
		{CFC3D8D3-CDF1-447C-8966-B2ACDC418D3B}.Ad-Hoc|iPhoneSimulator.ActiveCfg = Release|Any CPU
		{CFC3D8D3-CDF1-447C-8966-B2ACDC418D3B}.Ad-Hoc|iPhoneSimulator.Build.0 = Release|Any CPU
		{CFC3D8D3-CDF1-447C-8966-B2ACDC418D3B}.Ad-Hoc|x64.ActiveCfg = Release|Any CPU
		{CFC3D8D3-CDF1-447C-8966-B2ACDC418D3B}.Ad-Hoc|x64.Build.0 = Release|Any CPU
		{CFC3D8D3-CDF1-447C-8966-B2ACDC418D3B}.Ad-Hoc|x86.ActiveCfg = Release|Any CPU
		{CFC3D8D3-CDF1-447C-8966-B2ACDC418D3B}.Ad-Hoc|x86.Build.0 = Release|Any CPU
		{CFC3D8D3-CDF1-447C-8966-B2ACDC418D3B}.AppStore|Any CPU.ActiveCfg = Release|Any CPU
		{CFC3D8D3-CDF1-447C-8966-B2ACDC418D3B}.AppStore|Any CPU.Build.0 = Release|Any CPU
		{CFC3D8D3-CDF1-447C-8966-B2ACDC418D3B}.AppStore|ARM.ActiveCfg = Release|Any CPU
		{CFC3D8D3-CDF1-447C-8966-B2ACDC418D3B}.AppStore|ARM.Build.0 = Release|Any CPU
		{CFC3D8D3-CDF1-447C-8966-B2ACDC418D3B}.AppStore|iPhone.ActiveCfg = Release|Any CPU
		{CFC3D8D3-CDF1-447C-8966-B2ACDC418D3B}.AppStore|iPhone.Build.0 = Release|Any CPU
		{CFC3D8D3-CDF1-447C-8966-B2ACDC418D3B}.AppStore|iPhoneSimulator.ActiveCfg = Release|Any CPU
		{CFC3D8D3-CDF1-447C-8966-B2ACDC418D3B}.AppStore|iPhoneSimulator.Build.0 = Release|Any CPU
		{CFC3D8D3-CDF1-447C-8966-B2ACDC418D3B}.AppStore|x64.ActiveCfg = Release|Any CPU
		{CFC3D8D3-CDF1-447C-8966-B2ACDC418D3B}.AppStore|x64.Build.0 = Release|Any CPU
		{CFC3D8D3-CDF1-447C-8966-B2ACDC418D3B}.AppStore|x86.ActiveCfg = Release|Any CPU
		{CFC3D8D3-CDF1-447C-8966-B2ACDC418D3B}.AppStore|x86.Build.0 = Release|Any CPU
		{CFC3D8D3-CDF1-447C-8966-B2ACDC418D3B}.Debug|Any CPU.ActiveCfg = Debug|Any CPU
		{CFC3D8D3-CDF1-447C-8966-B2ACDC418D3B}.Debug|Any CPU.Build.0 = Debug|Any CPU
		{CFC3D8D3-CDF1-447C-8966-B2ACDC418D3B}.Debug|ARM.ActiveCfg = Debug|Any CPU
		{CFC3D8D3-CDF1-447C-8966-B2ACDC418D3B}.Debug|ARM.Build.0 = Debug|Any CPU
		{CFC3D8D3-CDF1-447C-8966-B2ACDC418D3B}.Debug|iPhone.ActiveCfg = Debug|Any CPU
		{CFC3D8D3-CDF1-447C-8966-B2ACDC418D3B}.Debug|iPhone.Build.0 = Debug|Any CPU
		{CFC3D8D3-CDF1-447C-8966-B2ACDC418D3B}.Debug|iPhoneSimulator.ActiveCfg = Debug|Any CPU
		{CFC3D8D3-CDF1-447C-8966-B2ACDC418D3B}.Debug|iPhoneSimulator.Build.0 = Debug|Any CPU
		{CFC3D8D3-CDF1-447C-8966-B2ACDC418D3B}.Debug|x64.ActiveCfg = Debug|Any CPU
		{CFC3D8D3-CDF1-447C-8966-B2ACDC418D3B}.Debug|x64.Build.0 = Debug|Any CPU
		{CFC3D8D3-CDF1-447C-8966-B2ACDC418D3B}.Debug|x86.ActiveCfg = Debug|Any CPU
		{CFC3D8D3-CDF1-447C-8966-B2ACDC418D3B}.Debug|x86.Build.0 = Debug|Any CPU
		{CFC3D8D3-CDF1-447C-8966-B2ACDC418D3B}.Release|Any CPU.ActiveCfg = Release|Any CPU
		{CFC3D8D3-CDF1-447C-8966-B2ACDC418D3B}.Release|Any CPU.Build.0 = Release|Any CPU
		{CFC3D8D3-CDF1-447C-8966-B2ACDC418D3B}.Release|ARM.ActiveCfg = Release|Any CPU
		{CFC3D8D3-CDF1-447C-8966-B2ACDC418D3B}.Release|ARM.Build.0 = Release|Any CPU
		{CFC3D8D3-CDF1-447C-8966-B2ACDC418D3B}.Release|iPhone.ActiveCfg = Release|Any CPU
		{CFC3D8D3-CDF1-447C-8966-B2ACDC418D3B}.Release|iPhone.Build.0 = Release|Any CPU
		{CFC3D8D3-CDF1-447C-8966-B2ACDC418D3B}.Release|iPhoneSimulator.ActiveCfg = Release|Any CPU
		{CFC3D8D3-CDF1-447C-8966-B2ACDC418D3B}.Release|iPhoneSimulator.Build.0 = Release|Any CPU
		{CFC3D8D3-CDF1-447C-8966-B2ACDC418D3B}.Release|x64.ActiveCfg = Release|Any CPU
		{CFC3D8D3-CDF1-447C-8966-B2ACDC418D3B}.Release|x64.Build.0 = Release|Any CPU
		{CFC3D8D3-CDF1-447C-8966-B2ACDC418D3B}.Release|x86.ActiveCfg = Release|Any CPU
		{CFC3D8D3-CDF1-447C-8966-B2ACDC418D3B}.Release|x86.Build.0 = Release|Any CPU
		{3538211F-3922-471B-898C-729A2957FE8D}.Ad-Hoc|Any CPU.ActiveCfg = Release|Any CPU
		{3538211F-3922-471B-898C-729A2957FE8D}.Ad-Hoc|Any CPU.Build.0 = Release|Any CPU
		{3538211F-3922-471B-898C-729A2957FE8D}.Ad-Hoc|ARM.ActiveCfg = Release|Any CPU
		{3538211F-3922-471B-898C-729A2957FE8D}.Ad-Hoc|ARM.Build.0 = Release|Any CPU
		{3538211F-3922-471B-898C-729A2957FE8D}.Ad-Hoc|iPhone.ActiveCfg = Release|Any CPU
		{3538211F-3922-471B-898C-729A2957FE8D}.Ad-Hoc|iPhone.Build.0 = Release|Any CPU
		{3538211F-3922-471B-898C-729A2957FE8D}.Ad-Hoc|iPhoneSimulator.ActiveCfg = Release|Any CPU
		{3538211F-3922-471B-898C-729A2957FE8D}.Ad-Hoc|iPhoneSimulator.Build.0 = Release|Any CPU
		{3538211F-3922-471B-898C-729A2957FE8D}.Ad-Hoc|x64.ActiveCfg = Release|Any CPU
		{3538211F-3922-471B-898C-729A2957FE8D}.Ad-Hoc|x64.Build.0 = Release|Any CPU
		{3538211F-3922-471B-898C-729A2957FE8D}.Ad-Hoc|x86.ActiveCfg = Release|Any CPU
		{3538211F-3922-471B-898C-729A2957FE8D}.Ad-Hoc|x86.Build.0 = Release|Any CPU
		{3538211F-3922-471B-898C-729A2957FE8D}.AppStore|Any CPU.ActiveCfg = Release|Any CPU
		{3538211F-3922-471B-898C-729A2957FE8D}.AppStore|Any CPU.Build.0 = Release|Any CPU
		{3538211F-3922-471B-898C-729A2957FE8D}.AppStore|ARM.ActiveCfg = Release|Any CPU
		{3538211F-3922-471B-898C-729A2957FE8D}.AppStore|ARM.Build.0 = Release|Any CPU
		{3538211F-3922-471B-898C-729A2957FE8D}.AppStore|iPhone.ActiveCfg = Release|Any CPU
		{3538211F-3922-471B-898C-729A2957FE8D}.AppStore|iPhone.Build.0 = Release|Any CPU
		{3538211F-3922-471B-898C-729A2957FE8D}.AppStore|iPhoneSimulator.ActiveCfg = Release|Any CPU
		{3538211F-3922-471B-898C-729A2957FE8D}.AppStore|iPhoneSimulator.Build.0 = Release|Any CPU
		{3538211F-3922-471B-898C-729A2957FE8D}.AppStore|x64.ActiveCfg = Release|Any CPU
		{3538211F-3922-471B-898C-729A2957FE8D}.AppStore|x64.Build.0 = Release|Any CPU
		{3538211F-3922-471B-898C-729A2957FE8D}.AppStore|x86.ActiveCfg = Release|Any CPU
		{3538211F-3922-471B-898C-729A2957FE8D}.AppStore|x86.Build.0 = Release|Any CPU
		{3538211F-3922-471B-898C-729A2957FE8D}.Debug|Any CPU.ActiveCfg = Debug|Any CPU
		{3538211F-3922-471B-898C-729A2957FE8D}.Debug|Any CPU.Build.0 = Debug|Any CPU
		{3538211F-3922-471B-898C-729A2957FE8D}.Debug|ARM.ActiveCfg = Debug|Any CPU
		{3538211F-3922-471B-898C-729A2957FE8D}.Debug|ARM.Build.0 = Debug|Any CPU
		{3538211F-3922-471B-898C-729A2957FE8D}.Debug|iPhone.ActiveCfg = Debug|Any CPU
		{3538211F-3922-471B-898C-729A2957FE8D}.Debug|iPhone.Build.0 = Debug|Any CPU
		{3538211F-3922-471B-898C-729A2957FE8D}.Debug|iPhoneSimulator.ActiveCfg = Debug|Any CPU
		{3538211F-3922-471B-898C-729A2957FE8D}.Debug|iPhoneSimulator.Build.0 = Debug|Any CPU
		{3538211F-3922-471B-898C-729A2957FE8D}.Debug|x64.ActiveCfg = Debug|Any CPU
		{3538211F-3922-471B-898C-729A2957FE8D}.Debug|x64.Build.0 = Debug|Any CPU
		{3538211F-3922-471B-898C-729A2957FE8D}.Debug|x86.ActiveCfg = Debug|Any CPU
		{3538211F-3922-471B-898C-729A2957FE8D}.Debug|x86.Build.0 = Debug|Any CPU
		{3538211F-3922-471B-898C-729A2957FE8D}.Release|Any CPU.ActiveCfg = Release|Any CPU
		{3538211F-3922-471B-898C-729A2957FE8D}.Release|Any CPU.Build.0 = Release|Any CPU
		{3538211F-3922-471B-898C-729A2957FE8D}.Release|ARM.ActiveCfg = Release|Any CPU
		{3538211F-3922-471B-898C-729A2957FE8D}.Release|ARM.Build.0 = Release|Any CPU
		{3538211F-3922-471B-898C-729A2957FE8D}.Release|iPhone.ActiveCfg = Release|Any CPU
		{3538211F-3922-471B-898C-729A2957FE8D}.Release|iPhone.Build.0 = Release|Any CPU
		{3538211F-3922-471B-898C-729A2957FE8D}.Release|iPhoneSimulator.ActiveCfg = Release|Any CPU
		{3538211F-3922-471B-898C-729A2957FE8D}.Release|iPhoneSimulator.Build.0 = Release|Any CPU
		{3538211F-3922-471B-898C-729A2957FE8D}.Release|x64.ActiveCfg = Release|Any CPU
		{3538211F-3922-471B-898C-729A2957FE8D}.Release|x64.Build.0 = Release|Any CPU
		{3538211F-3922-471B-898C-729A2957FE8D}.Release|x86.ActiveCfg = Release|Any CPU
		{3538211F-3922-471B-898C-729A2957FE8D}.Release|x86.Build.0 = Release|Any CPU
	EndGlobalSection
	GlobalSection(SolutionProperties) = preSolution
		HideSolutionNode = FALSE
	EndGlobalSection
EndGlobal
